
Microsoft Visual Studio Solution File, Format Version 12.00
# Visual Studio Version 16
VisualStudioVersion = 16.0.30517.126
MinimumVisualStudioVersion = 10.0.40219.1
Project("{9A19103F-16F7-4668-BE54-9A1E7A4F7556}") = "ExportFile.WebAPI", "ExportFile.WebAPI\ExportFile.WebAPI.csproj", "{5DF1CE25-59CD-426C-B2A8-E25BDC20B622}"
EndProject
Project("{FAE04EC0-301F-11D3-BF4B-00C04F79EFBC}") = "ExportFile.Repository", "ExportFile.Repository\ExportFile.Repository.csproj", "{31109036-A479-4B0C-8BFE-60F3E6390C70}"
EndProject
Project("{FAE04EC0-301F-11D3-BF4B-00C04F79EFBC}") = "ExportFile.Service", "ExportFile.Service\ExportFile.Service.csproj", "{8FB3DBD1-1794-468A-A65B-FE1C309DB7DA}"
EndProject
Global
	GlobalSection(SolutionConfigurationPlatforms) = preSolution
		Debug|Any CPU = Debug|Any CPU
		Release|Any CPU = Release|Any CPU
	EndGlobalSection
	GlobalSection(ProjectConfigurationPlatforms) = postSolution
		{5DF1CE25-59CD-426C-B2A8-E25BDC20B622}.Debug|Any CPU.ActiveCfg = Debug|Any CPU
		{5DF1CE25-59CD-426C-B2A8-E25BDC20B622}.Debug|Any CPU.Build.0 = Debug|Any CPU
		{5DF1CE25-59CD-426C-B2A8-E25BDC20B622}.Release|Any CPU.ActiveCfg = Release|Any CPU
		{5DF1CE25-59CD-426C-B2A8-E25BDC20B622}.Release|Any CPU.Build.0 = Release|Any CPU
		{31109036-A479-4B0C-8BFE-60F3E6390C70}.Debug|Any CPU.ActiveCfg = Debug|Any CPU
		{31109036-A479-4B0C-8BFE-60F3E6390C70}.Debug|Any CPU.Build.0 = Debug|Any CPU
		{31109036-A479-4B0C-8BFE-60F3E6390C70}.Release|Any CPU.ActiveCfg = Release|Any CPU
		{31109036-A479-4B0C-8BFE-60F3E6390C70}.Release|Any CPU.Build.0 = Release|Any CPU
		{8FB3DBD1-1794-468A-A65B-FE1C309DB7DA}.Debug|Any CPU.ActiveCfg = Debug|Any CPU
		{8FB3DBD1-1794-468A-A65B-FE1C309DB7DA}.Debug|Any CPU.Build.0 = Debug|Any CPU
		{8FB3DBD1-1794-468A-A65B-FE1C309DB7DA}.Release|Any CPU.ActiveCfg = Release|Any CPU
		{8FB3DBD1-1794-468A-A65B-FE1C309DB7DA}.Release|Any CPU.Build.0 = Release|Any CPU
	EndGlobalSection
	GlobalSection(SolutionProperties) = preSolution
		HideSolutionNode = FALSE
	EndGlobalSection
	GlobalSection(ExtensibilityGlobals) = postSolution
		SolutionGuid = {01B6B67B-2F97-4167-9217-71E21873EBF3}
	EndGlobalSection
EndGlobal
